// !$*UTF8*$!
{
	archiveVersion = 1;
	classes = {
	};
	objectVersion = 50;
	objects = {

/* Begin PBXBuildFile section */
		427011CA207F55A500A52DD9 /* AppDelegate.m in Sources */ = {isa = PBXBuildFile; fileRef = 427011C9207F55A500A52DD9 /* AppDelegate.m */; };
		427011CD207F55A500A52DD9 /* ViewController.m in Sources */ = {isa = PBXBuildFile; fileRef = 427011CC207F55A500A52DD9 /* ViewController.m */; };
		427011D0207F55A500A52DD9 /* Main.storyboard in Resources */ = {isa = PBXBuildFile; fileRef = 427011CE207F55A500A52DD9 /* Main.storyboard */; };
		427011D2207F55A600A52DD9 /* Assets.xcassets in Resources */ = {isa = PBXBuildFile; fileRef = 427011D1207F55A600A52DD9 /* Assets.xcassets */; };
		427011D5207F55A600A52DD9 /* LaunchScreen.storyboard in Resources */ = {isa = PBXBuildFile; fileRef = 427011D3207F55A600A52DD9 /* LaunchScreen.storyboard */; };
		427011D8207F55A600A52DD9 /* main.m in Sources */ = {isa = PBXBuildFile; fileRef = 427011D7207F55A600A52DD9 /* main.m */; };
		42701200207F582D00A52DD9 /* JFSearchModel.m in Sources */ = {isa = PBXBuildFile; fileRef = 427011FF207F582D00A52DD9 /* JFSearchModel.m */; };
		42701203207F58A600A52DD9 /* JFSearchController.m in Sources */ = {isa = PBXBuildFile; fileRef = 42701202207F58A600A52DD9 /* JFSearchController.m */; };
		42701206207F58E200A52DD9 /* JFSearchCollectionCell.m in Sources */ = {isa = PBXBuildFile; fileRef = 42701205207F58E200A52DD9 /* JFSearchCollectionCell.m */; };
		42701209207F593000A52DD9 /* JFSearchHeaderReusableView.m in Sources */ = {isa = PBXBuildFile; fileRef = 42701208207F593000A52DD9 /* JFSearchHeaderReusableView.m */; };
		429C86BE20843B820016FC23 /* WX20180416-09433.png in Resources */ = {isa = PBXBuildFile; fileRef = 429C86BD20843B810016FC23 /* WX20180416-09433.png */; };
/* End PBXBuildFile section */

/* Begin PBXFileReference section */
		427011C5207F55A500A52DD9 /* JFSearchHistory.app */ = {isa = PBXFileReference; explicitFileType = wrapper.application; includeInIndex = 0; path = JFSearchHistory.app; sourceTree = BUILT_PRODUCTS_DIR; };
		427011C8207F55A500A52DD9 /* AppDelegate.h */ = {isa = PBXFileReference; lastKnownFileType = sourcecode.c.h; path = AppDelegate.h; sourceTree = "<group>"; };
		427011C9207F55A500A52DD9 /* AppDelegate.m */ = {isa = PBXFileReference; lastKnownFileType = sourcecode.c.objc; path = AppDelegate.m; sourceTree = "<group>"; };
		427011CB207F55A500A52DD9 /* ViewController.h */ = {isa = PBXFileReference; lastKnownFileType = sourcecode.c.h; path = ViewController.h; sourceTree = "<group>"; };
		427011CC207F55A500A52DD9 /* ViewController.m */ = {isa = PBXFileReference; lastKnownFileType = sourcecode.c.objc; path = ViewController.m; sourceTree = "<group>"; };
		427011CF207F55A500A52DD9 /* Base */ = {isa = PBXFileReference; lastKnownFileType = file.storyboard; name = Base; path = Base.lproj/Main.storyboard; sourceTree = "<group>"; };
		427011D1207F55A600A52DD9 /* Assets.xcassets */ = {isa = PBXFileReference; lastKnownFileType = folder.assetcatalog; path = Assets.xcassets; sourceTree = "<group>"; };
		427011D4207F55A600A52DD9 /* Base */ = {isa = PBXFileReference; lastKnownFileType = file.storyboard; name = Base; path = Base.lproj/LaunchScreen.storyboard; sourceTree = "<group>"; };
		427011D6207F55A600A52DD9 /* Info.plist */ = {isa = PBXFileReference; lastKnownFileType = text.plist.xml; path = Info.plist; sourceTree = "<group>"; };
		427011D7207F55A600A52DD9 /* main.m */ = {isa = PBXFileReference; lastKnownFileType = sourcecode.c.objc; path = main.m; sourceTree = "<group>"; };
		427011FE207F582D00A52DD9 /* JFSearchModel.h */ = {isa = PBXFileReference; lastKnownFileType = sourcecode.c.h; path = JFSearchModel.h; sourceTree = "<group>"; };
		427011FF207F582D00A52DD9 /* JFSearchModel.m */ = {isa = PBXFileReference; lastKnownFileType = sourcecode.c.objc; path = JFSearchModel.m; sourceTree = "<group>"; };
		42701201207F58A600A52DD9 /* JFSearchController.h */ = {isa = PBXFileReference; lastKnownFileType = sourcecode.c.h; path = JFSearchController.h; sourceTree = "<group>"; };
		42701202207F58A600A52DD9 /* JFSearchController.m */ = {isa = PBXFileReference; lastKnownFileType = sourcecode.c.objc; path = JFSearchController.m; sourceTree = "<group>"; };
		42701204207F58E200A52DD9 /* JFSearchCollectionCell.h */ = {isa = PBXFileReference; lastKnownFileType = sourcecode.c.h; path = JFSearchCollectionCell.h; sourceTree = "<group>"; };
		42701205207F58E200A52DD9 /* JFSearchCollectionCell.m */ = {isa = PBXFileReference; lastKnownFileType = sourcecode.c.objc; path = JFSearchCollectionCell.m; sourceTree = "<group>"; };
		42701207207F593000A52DD9 /* JFSearchHeaderReusableView.h */ = {isa = PBXFileReference; lastKnownFileType = sourcecode.c.h; path = JFSearchHeaderReusableView.h; sourceTree = "<group>"; };
		42701208207F593000A52DD9 /* JFSearchHeaderReusableView.m */ = {isa = PBXFileReference; lastKnownFileType = sourcecode.c.objc; path = JFSearchHeaderReusableView.m; sourceTree = "<group>"; };
		429C86BD20843B810016FC23 /* WX20180416-09433.png */ = {isa = PBXFileReference; lastKnownFileType = image.png; path = "WX20180416-09433.png"; sourceTree = "<group>"; };
/* End PBXFileReference section */

/* Begin PBXFrameworksBuildPhase section */
		427011C2207F55A500A52DD9 /* Frameworks */ = {
			isa = PBXFrameworksBuildPhase;
			buildActionMask = 2147483647;
			files = (
			);
			runOnlyForDeploymentPostprocessing = 0;
		};
/* End PBXFrameworksBuildPhase section */

/* Begin PBXGroup section */
		427011BC207F55A500A52DD9 = {
			isa = PBXGroup;
			children = (
				427011C7207F55A500A52DD9 /* JFSearchHistory */,
				427011C6207F55A500A52DD9 /* Products */,
			);
			sourceTree = "<group>";
		};
		427011C6207F55A500A52DD9 /* Products */ = {
			isa = PBXGroup;
			children = (
				427011C5207F55A500A52DD9 /* JFSearchHistory.app */,
			);
			name = Products;
			sourceTree = "<group>";
		};
		427011C7207F55A500A52DD9 /* JFSearchHistory */ = {
			isa = PBXGroup;
			children = (
				429C86BD20843B810016FC23 /* WX20180416-09433.png */,
				427011EE207F580900A52DD9 /* JFSearch */,
				427011C8207F55A500A52DD9 /* AppDelegate.h */,
				427011C9207F55A500A52DD9 /* AppDelegate.m */,
				427011CB207F55A500A52DD9 /* ViewController.h */,
				427011CC207F55A500A52DD9 /* ViewController.m */,
				427011CE207F55A500A52DD9 /* Main.storyboard */,
				427011D1207F55A600A52DD9 /* Assets.xcassets */,
				427011D3207F55A600A52DD9 /* LaunchScreen.storyboard */,
				427011D6207F55A600A52DD9 /* Info.plist */,
				427011D7207F55A600A52DD9 /* main.m */,
			);
			path = JFSearchHistory;
			sourceTree = "<group>";
		};
		427011EE207F580900A52DD9 /* JFSearch */ = {
			isa = PBXGroup;
			children = (
				427011F2207F580900A52DD9 /* Controllers */,
				427011EF207F580900A52DD9 /* Models */,
				427011F5207F580900A52DD9 /* Views */,
			);
			path = JFSearch;
			sourceTree = "<group>";
		};
		427011EF207F580900A52DD9 /* Models */ = {
			isa = PBXGroup;
			children = (
				427011FE207F582D00A52DD9 /* JFSearchModel.h */,
				427011FF207F582D00A52DD9 /* JFSearchModel.m */,
			);
			path = Models;
			sourceTree = "<group>";
		};
		427011F2207F580900A52DD9 /* Controllers */ = {
			isa = PBXGroup;
			children = (
				42701201207F58A600A52DD9 /* JFSearchController.h */,
				42701202207F58A600A52DD9 /* JFSearchController.m */,
			);
			path = Controllers;
			sourceTree = "<group>";
		};
		427011F5207F580900A52DD9 /* Views */ = {
			isa = PBXGroup;
			children = (
				42701204207F58E200A52DD9 /* JFSearchCollectionCell.h */,
				42701205207F58E200A52DD9 /* JFSearchCollectionCell.m */,
				42701207207F593000A52DD9 /* JFSearchHeaderReusableView.h */,
				42701208207F593000A52DD9 /* JFSearchHeaderReusableView.m */,
			);
			path = Views;
			sourceTree = "<group>";
		};
/* End PBXGroup section */

/* Begin PBXNativeTarget section */
		427011C4207F55A500A52DD9 /* JFSearchHistory */ = {
			isa = PBXNativeTarget;
			buildConfigurationList = 427011DB207F55A600A52DD9 /* Build configuration list for PBXNativeTarget "JFSearchHistory" */;
			buildPhases = (
				427011C1207F55A500A52DD9 /* Sources */,
				427011C2207F55A500A52DD9 /* Frameworks */,
				427011C3207F55A500A52DD9 /* Resources */,
			);
			buildRules = (
			);
			dependencies = (
			);
			name = JFSearchHistory;
			productName = JFSearchHistory;
			productReference = 427011C5207F55A500A52DD9 /* JFSearchHistory.app */;
			productType = "com.apple.product-type.application";
		};
/* End PBXNativeTarget section */

/* Begin PBXProject section */
		427011BD207F55A500A52DD9 /* Project object */ = {
			isa = PBXProject;
			attributes = {
				CLASSPREFIX = JF;
				LastUpgradeCheck = 0930;
				ORGANIZATIONNAME = JeffinZhang;
				TargetAttributes = {
					427011C4207F55A500A52DD9 = {
						CreatedOnToolsVersion = 9.3;
					};
				};
			};
			buildConfigurationList = 427011C0207F55A500A52DD9 /* Build configuration list for PBXProject "JFSearchHistory" */;
			compatibilityVersion = "Xcode 9.3";
			developmentRegion = en;
			hasScannedForEncodings = 0;
			knownRegions = (
				en,
				Base,
			);
			mainGroup = 427011BC207F55A500A52DD9;
			productRefGroup = 427011C6207F55A500A52DD9 /* Products */;
			projectDirPath = "";
			projectRoot = "";
			targets = (
				427011C4207F55A500A52DD9 /* JFSearchHistory */,
			);
		};
/* End PBXProject section */

/* Begin PBXResourcesBuildPhase section */
		427011C3207F55A500A52DD9 /* Resources */ = {
			isa = PBXResourcesBuildPhase;
			buildActionMask = 2147483647;
			files = (
				427011D5207F55A600A52DD9 /* LaunchScreen.storyboard in Resources */,
				427011D2207F55A600A52DD9 /* Assets.xcassets in Resources */,
				429C86BE20843B820016FC23 /* WX20180416-09433.png in Resources */,
				427011D0207F55A500A52DD9 /* Main.storyboard in Resources */,
			);
			runOnlyForDeploymentPostprocessing = 0;
		};
/* End PBXResourcesBuildPhase section */

/* Begin PBXSourcesBuildPhase section */
		427011C1207F55A500A52DD9 /* Sources */ = {
			isa = PBXSourcesBuildPhase;
			buildActionMask = 2147483647;
			files = (
				42701203207F58A600A52DD9 /* JFSearchController.m in Sources */,
				427011CD207F55A500A52DD9 /* ViewController.m in Sources */,
				427011D8207F55A600A52DD9 /* main.m in Sources */,
				427011CA207F55A500A52DD9 /* AppDelegate.m in Sources */,
				42701200207F582D00A52DD9 /* JFSearchModel.m in Sources */,
				42701209207F593000A52DD9 /* JFSearchHeaderReusableView.m in Sources */,
				42701206207F58E200A52DD9 /* JFSearchCollectionCell.m in Sources */,
			);
			runOnlyForDeploymentPostprocessing = 0;
		};
/* End PBXSourcesBuildPhase section */

/* Begin PBXVariantGroup section */
		427011CE207F55A500A52DD9 /* Main.storyboard */ = {
			isa = PBXVariantGroup;
			children = (
				427011CF207F55A500A52DD9 /* Base */,
			);
			name = Main.storyboard;
			sourceTree = "<group>";
		};
		427011D3207F55A600A52DD9 /* LaunchScreen.storyboard */ = {
			isa = PBXVariantGroup;
			children = (
				427011D4207F55A600A52DD9 /* Base */,
			);
			name = LaunchScreen.storyboard;
			sourceTree = "<group>";
		};
/* End PBXVariantGroup section */

/* Begin XCBuildConfiguration section */
		427011D9207F55A600A52DD9 /* Debug */ = {
			isa = XCBuildConfiguration;
			buildSettings = {
				ALWAYS_SEARCH_USER_PATHS = NO;
				CLANG_ANALYZER_NONNULL = YES;
				CLANG_ANALYZER_NUMBER_OBJECT_CONVERSION = YES_AGGRESSIVE;
				CLANG_CXX_LANGUAGE_STANDARD = "gnu++14";
				CLANG_CXX_LIBRARY = "libc++";
				CLANG_ENABLE_MODULES = YES;
				CLANG_ENABLE_OBJC_ARC = YES;
				CLANG_ENABLE_OBJC_WEAK = YES;
				CLANG_WARN_BLOCK_CAPTURE_AUTORELEASING = YES;
				CLANG_WARN_BOOL_CONVERSION = YES;
				CLANG_WARN_COMMA = YES;
				CLANG_WARN_CONSTANT_CONVERSION = YES;
				CLANG_WARN_DEPRECATED_OBJC_IMPLEMENTATIONS = YES;
				CLANG_WARN_DIRECT_OBJC_ISA_USAGE = YES_ERROR;
				CLANG_WARN_DOCUMENTATION_COMMENTS = YES;
				CLANG_WARN_EMPTY_BODY = YES;
				CLANG_WARN_ENUM_CONVERSION = YES;
				CLANG_WARN_INFINITE_RECURSION = YES;
				CLANG_WARN_INT_CONVERSION = YES;
				CLANG_WARN_NON_LITERAL_NULL_CONVERSION = YES;
				CLANG_WARN_OBJC_IMPLICIT_RETAIN_SELF = YES;
				CLANG_WARN_OBJC_LITERAL_CONVERSION = YES;
				CLANG_WARN_OBJC_ROOT_CLASS = YES_ERROR;
				CLANG_WARN_RANGE_LOOP_ANALYSIS = YES;
				CLANG_WARN_STRICT_PROTOTYPES = YES;
				CLANG_WARN_SUSPICIOUS_MOVE = YES;
				CLANG_WARN_UNGUARDED_AVAILABILITY = YES_AGGRESSIVE;
				CLANG_WARN_UNREACHABLE_CODE = YES;
				CLANG_WARN__DUPLICATE_METHOD_MATCH = YES;
				CODE_SIGN_IDENTITY = "iPhone Developer";
				COPY_PHASE_STRIP = NO;
				DEBUG_INFORMATION_FORMAT = dwarf;
				ENABLE_STRICT_OBJC_MSGSEND = YES;
				ENABLE_TESTABILITY = YES;
				GCC_C_LANGUAGE_STANDARD = gnu11;
				GCC_DYNAMIC_NO_PIC = NO;
				GCC_NO_COMMON_BLOCKS = YES;
				GCC_OPTIMIZATION_LEVEL = 0;
				GCC_PREPROCESSOR_DEFINITIONS = (
					"DEBUG=1",
					"$(inherited)",
				);
				GCC_WARN_64_TO_32_BIT_CONVERSION = YES;
				GCC_WARN_ABOUT_RETURN_TYPE = YES_ERROR;
				GCC_WARN_UNDECLARED_SELECTOR = YES;
				GCC_WARN_UNINITIALIZED_AUTOS = YES_AGGRESSIVE;
				GCC_WARN_UNUSED_FUNCTION = YES;
				GCC_WARN_UNUSED_VARIABLE = YES;
				IPHONEOS_DEPLOYMENT_TARGET = 11.3;
				MTL_ENABLE_DEBUG_INFO = YES;
				ONLY_ACTIVE_ARCH = YES;
				SDKROOT = iphoneos;
			};
			name = Debug;
		};
		427011DA207F55A600A52DD9 /* Release */ = {
			isa = XCBuildConfiguration;
			buildSettings = {
				ALWAYS_SEARCH_USER_PATHS = NO;
				CLANG_ANALYZER_NONNULL = YES;
				CLANG_ANALYZER_NUMBER_OBJECT_CONVERSION = YES_AGGRESSIVE;
				CLANG_CXX_LANGUAGE_STANDARD = "gnu++14";
				CLANG_CXX_LIBRARY = "libc++";
				CLANG_ENABLE_MODULES = YES;
				CLANG_ENABLE_OBJC_ARC = YES;
				CLANG_ENABLE_OBJC_WEAK = YES;
				CLANG_WARN_BLOCK_CAPTURE_AUTORELEASING = YES;
				CLANG_WARN_BOOL_CONVERSION = YES;
				CLANG_WARN_COMMA = YES;
				CLANG_WARN_CONSTANT_CONVERSION = YES;
				CLANG_WARN_DEPRECATED_OBJC_IMPLEMENTATIONS = YES;
				CLANG_WARN_DIRECT_OBJC_ISA_USAGE = YES_ERROR;
				CLANG_WARN_DOCUMENTATION_COMMENTS = YES;
				CLANG_WARN_EMPTY_BODY = YES;
				CLANG_WARN_ENUM_CONVERSION = YES;
				CLANG_WARN_INFINITE_RECURSION = YES;
				CLANG_WARN_INT_CONVERSION = YES;
				CLANG_WARN_NON_LITERAL_NULL_CONVERSION = YES;
				CLANG_WARN_OBJC_IMPLICIT_RETAIN_SELF = YES;
				CLANG_WARN_OBJC_LITERAL_CONVERSION = YES;
				CLANG_WARN_OBJC_ROOT_CLASS = YES_ERROR;
				CLANG_WARN_RANGE_LOOP_ANALYSIS = YES;
				CLANG_WARN_STRICT_PROTOTYPES = YES;
				CLANG_WARN_SUSPICIOUS_MOVE = YES;
				CLANG_WARN_UNGUARDED_AVAILABILITY = YES_AGGRESSIVE;
				CLANG_WARN_UNREACHABLE_CODE = YES;
				CLANG_WARN__DUPLICATE_METHOD_MATCH = YES;
				CODE_SIGN_IDENTITY = "iPhone Developer";
				COPY_PHASE_STRIP = NO;
				DEBUG_INFORMATION_FORMAT = "dwarf-with-dsym";
				ENABLE_NS_ASSERTIONS = NO;
				ENABLE_STRICT_OBJC_MSGSEND = YES;
				GCC_C_LANGUAGE_STANDARD = gnu11;
				GCC_NO_COMMON_BLOCKS = YES;
				GCC_WARN_64_TO_32_BIT_CONVERSION = YES;
				GCC_WARN_ABOUT_RETURN_TYPE = YES_ERROR;
				GCC_WARN_UNDECLARED_SELECTOR = YES;
				GCC_WARN_UNINITIALIZED_AUTOS = YES_AGGRESSIVE;
				GCC_WARN_UNUSED_FUNCTION = YES;
				GCC_WARN_UNUSED_VARIABLE = YES;
				IPHONEOS_DEPLOYMENT_TARGET = 11.3;
				MTL_ENABLE_DEBUG_INFO = NO;
				SDKROOT = iphoneos;
				VALIDATE_PRODUCT = YES;
			};
			name = Release;
		};
		427011DC207F55A600A52DD9 /* Debug */ = {
			isa = XCBuildConfiguration;
			buildSettings = {
				ASSETCATALOG_COMPILER_APPICON_NAME = AppIcon;
				CODE_SIGN_STYLE = Automatic;
				DEVELOPMENT_TEAM = 7C694V3275;
				INFOPLIST_FILE = JFSearchHistory/Info.plist;
				LD_RUNPATH_SEARCH_PATHS = (
					"$(inherited)",
					"@executable_path/Frameworks",
				);
				PRODUCT_BUNDLE_IDENTIFIER = com.jeffin.internationalization.JFSearchHistory;
				PRODUCT_NAME = "$(TARGET_NAME)";
				TARGETED_DEVICE_FAMILY = "1,2";
			};
			name = Debug;
		};
		427011DD207F55A600A52DD9 /* Release */ = {
			isa = XCBuildConfiguration;
			buildSettings = {
				ASSETCATALOG_COMPILER_APPICON_NAME = AppIcon;
				CODE_SIGN_STYLE = Automatic;
				DEVELOPMENT_TEAM = 7C694V3275;
				INFOPLIST_FILE = JFSearchHistory/Info.plist;
				LD_RUNPATH_SEARCH_PATHS = (
					"$(inherited)",
					"@executable_path/Frameworks",
				);
				PRODUCT_BUNDLE_IDENTIFIER = com.jeffin.internationalization.JFSearchHistory;
				PRODUCT_NAME = "$(TARGET_NAME)";
				TARGETED_DEVICE_FAMILY = "1,2";
			};
			name = Release;
		};
/* End XCBuildConfiguration section */

/* Begin XCConfigurationList section */
		427011C0207F55A500A52DD9 /* Build configuration list for PBXProject "JFSearchHistory" */ = {
			isa = XCConfigurationList;
			buildConfigurations = (
				427011D9207F55A600A52DD9 /* Debug */,
				427011DA207F55A600A52DD9 /* Release */,
			);
			defaultConfigurationIsVisible = 0;
			defaultConfigurationName = Release;
		};
		427011DB207F55A600A52DD9 /* Build configuration list for PBXNativeTarget "JFSearchHistory" */ = {
			isa = XCConfigurationList;
			buildConfigurations = (
				427011DC207F55A600A52DD9 /* Debug */,
				427011DD207F55A600A52DD9 /* Release */,
			);
			defaultConfigurationIsVisible = 0;
			defaultConfigurationName = Release;
		};
/* End XCConfigurationList section */
	};
	rootObject = 427011BD207F55A500A52DD9 /* Project object */;
}
